
Microsoft Visual Studio Solution File, Format Version 12.00
# Visual Studio Version 17
VisualStudioVersion = 17.0.32112.339
MinimumVisualStudioVersion = 10.0.40219.1
Project("{9A19103F-16F7-4668-BE54-9A1E7A4F7556}") = "FinAccountingApi.Presentation", "fin-accounting-api.UI\FinAccountingApi.Presentation.csproj", "{5F407BB8-8AC0-4726-9C63-48D88A78C68F}"
EndProject
Project("{9A19103F-16F7-4668-BE54-9A1E7A4F7556}") = "FinAccountingApi.Application", "fin-accounting-api.Application\FinAccountingApi.Application.csproj", "{45D80F5F-1B38-4394-8CE9-B302EDD53A12}"
EndProject
Project("{9A19103F-16F7-4668-BE54-9A1E7A4F7556}") = "FinAccountingApi.Domain", "fin-accounting-api.Domain\FinAccountingApi.Domain.csproj", "{6953836C-F342-4FAC-84A9-0487E0025247}"
EndProject
Project("{9A19103F-16F7-4668-BE54-9A1E7A4F7556}") = "FinAccountingApi.Persistance", "fin-accounting-api.Persistance\FinAccountingApi.Persistance.csproj", "{2FDB9586-94B4-4EFA-8ED9-8426AD020AFE}"
EndProject
Project("{9A19103F-16F7-4668-BE54-9A1E7A4F7556}") = "FinAccountingApi.InfrastructureIoC", "fin-accounting-api.InfrastructureIoC\FinAccountingApi.InfrastructureIoC.csproj", "{C3BC3909-C2CD-40B5-88D2-45E98DDC5B17}"
EndProject
Global
	GlobalSection(SolutionConfigurationPlatforms) = preSolution
		Debug|Any CPU = Debug|Any CPU
		Release|Any CPU = Release|Any CPU
	EndGlobalSection
	GlobalSection(ProjectConfigurationPlatforms) = postSolution
		{5F407BB8-8AC0-4726-9C63-48D88A78C68F}.Debug|Any CPU.ActiveCfg = Debug|Any CPU
		{5F407BB8-8AC0-4726-9C63-48D88A78C68F}.Debug|Any CPU.Build.0 = Debug|Any CPU
		{5F407BB8-8AC0-4726-9C63-48D88A78C68F}.Release|Any CPU.ActiveCfg = Release|Any CPU
		{5F407BB8-8AC0-4726-9C63-48D88A78C68F}.Release|Any CPU.Build.0 = Release|Any CPU
		{45D80F5F-1B38-4394-8CE9-B302EDD53A12}.Debug|Any CPU.ActiveCfg = Debug|Any CPU
		{45D80F5F-1B38-4394-8CE9-B302EDD53A12}.Debug|Any CPU.Build.0 = Debug|Any CPU
		{45D80F5F-1B38-4394-8CE9-B302EDD53A12}.Release|Any CPU.ActiveCfg = Release|Any CPU
		{45D80F5F-1B38-4394-8CE9-B302EDD53A12}.Release|Any CPU.Build.0 = Release|Any CPU
		{6953836C-F342-4FAC-84A9-0487E0025247}.Debug|Any CPU.ActiveCfg = Debug|Any CPU
		{6953836C-F342-4FAC-84A9-0487E0025247}.Debug|Any CPU.Build.0 = Debug|Any CPU
		{6953836C-F342-4FAC-84A9-0487E0025247}.Release|Any CPU.ActiveCfg = Release|Any CPU
		{6953836C-F342-4FAC-84A9-0487E0025247}.Release|Any CPU.Build.0 = Release|Any CPU
		{2FDB9586-94B4-4EFA-8ED9-8426AD020AFE}.Debug|Any CPU.ActiveCfg = Debug|Any CPU
		{2FDB9586-94B4-4EFA-8ED9-8426AD020AFE}.Debug|Any CPU.Build.0 = Debug|Any CPU
		{2FDB9586-94B4-4EFA-8ED9-8426AD020AFE}.Release|Any CPU.ActiveCfg = Release|Any CPU
		{2FDB9586-94B4-4EFA-8ED9-8426AD020AFE}.Release|Any CPU.Build.0 = Release|Any CPU
		{C3BC3909-C2CD-40B5-88D2-45E98DDC5B17}.Debug|Any CPU.ActiveCfg = Debug|Any CPU
		{C3BC3909-C2CD-40B5-88D2-45E98DDC5B17}.Debug|Any CPU.Build.0 = Debug|Any CPU
		{C3BC3909-C2CD-40B5-88D2-45E98DDC5B17}.Release|Any CPU.ActiveCfg = Release|Any CPU
		{C3BC3909-C2CD-40B5-88D2-45E98DDC5B17}.Release|Any CPU.Build.0 = Release|Any CPU
	EndGlobalSection
	GlobalSection(SolutionProperties) = preSolution
		HideSolutionNode = FALSE
	EndGlobalSection
	GlobalSection(ExtensibilityGlobals) = postSolution
		SolutionGuid = {6DD154E7-C778-4B26-8E83-BC41FC30ADE2}
	EndGlobalSection
EndGlobal
